
Microsoft Visual Studio Solution File, Format Version 12.00
# Visual Studio Version 16
VisualStudioVersion = 16.0.29728.190
MinimumVisualStudioVersion = 10.0.40219.1
Project("{FAE04EC0-301F-11D3-BF4B-00C04F79EFBC}") = "Postman", "Postman\Postman.csproj", "{6B2C6838-D154-4F09-92AC-289CE3451B9A}"
EndProject
Global
	GlobalSection(SolutionConfigurationPlatforms) = preSolution
		Debug|Any CPU = Debug|Any CPU
		Release|Any CPU = Release|Any CPU
	EndGlobalSection
	GlobalSection(ProjectConfigurationPlatforms) = postSolution
		{6B2C6838-D154-4F09-92AC-289CE3451B9A}.Debug|Any CPU.ActiveCfg = Debug|Any CPU
		{6B2C6838-D154-4F09-92AC-289CE3451B9A}.Debug|Any CPU.Build.0 = Debug|Any CPU
		{6B2C6838-D154-4F09-92AC-289CE3451B9A}.Release|Any CPU.ActiveCfg = Release|Any CPU
		{6B2C6838-D154-4F09-92AC-289CE3451B9A}.Release|Any CPU.Build.0 = Release|Any CPU
	EndGlobalSection
	GlobalSection(SolutionProperties) = preSolution
		HideSolutionNode = FALSE
	EndGlobalSection
	GlobalSection(ExtensibilityGlobals) = postSolution
		SolutionGuid = {11C2B6F6-6850-4206-B036-68A6F2C6F974}
	EndGlobalSection
EndGlobal
